{
  "version": 4,
  "terraform_version": "1.6.6",
  "serial": 35,
  "lineage": "c6ffdf02-a060-ae53-2cdd-c659871ebfbb",
  "outputs": {
    "public_ip": {
      "value": "52.224.120.48",
      "type": "string"
    }
  },
  "resources": [
    {
      "mode": "managed",
      "type": "azurerm_linux_virtual_machine",
      "name": "vm",
      "provider": "provider[\"registry.terraform.io/hashicorp/azurerm\"]",
      "instances": [
        {
          "schema_version": 0,
          "attributes": {
            "additional_capabilities": [],
            "admin_password": null,
            "admin_ssh_key": [
              {
                "public_key": "ssh-rsa AAAAB3NzaC1yc2EAAAADAQABAAACAQDnoj52DazZiaVa0YSInw18lDM4M0FhwMeu29DewSH6JwxHUsX+1XW1BS9pjLcI9Pp3CCb99cF5DlbBtwEbshFKGp9CmTatVs0LkPsYmzH7/yWBjdoGVnt+nRH8pNTYOH6D6iVJNTDCz+xezwiLzY+kEqYxNZcL26SyI+aN4mEBI0wALvNMf0HKN+BFbStaBVLDPZ703GOXdxRPeOERlskiYasl8XTcATMB94hnEChfwBsoRjaureoTDKdPvTPmSmC8q/M2dB+i9TJp05Jt6MWkrwQwcDHus2YBnrLf6Qn2s6BkZ2YIcxoxLhhqi7+4iWvZSd08tzTiNFP6V1ZUFyKv4m5wf/rsNO7czQVS5fPuIrSMGoTnE6N5Mn+OUs6XRkF/ZlPHSDu5fhHEEY6RaejmL+OocZlDktD4QDdr7i0yd0P6+85Q00GZWyGe5BQeuuoBKHzsRwX/jnqpiTPxEBeuOAPuOLXbKFKxB4VHjJNhaMXx96NSb2diZzzVw6DVqm6k0+/uuKI+2q7/qx7KI36a6eBc7PLJU6MCIMTbnVdCpDJeBMrNGybY3z8n8ePHw6kfKFT9TCY9rgbAU3aFdsXWyW/mazjDl65xZMMSd+iwMKECMnD3AlEZCQwrKltgUbDAmAVYiC0OAB5bAnbwG6zf/SdLGQ7mWcHtr1BXK2Dy0w== pc@DESKTOP-JN0RIKJ\r\n",
                "username": "azureuser"
              }
            ],
            "admin_username": "azureuser",
            "allow_extension_operations": true,
            "availability_set_id": "",
            "boot_diagnostics": [],
            "bypass_platform_safety_checks_on_user_schedule_enabled": false,
            "capacity_reservation_group_id": "",
            "computer_name": "devops-vm",
            "custom_data": null,
            "dedicated_host_group_id": "",
            "dedicated_host_id": "",
            "disable_password_authentication": true,
            "disk_controller_type": "",
            "edge_zone": "",
            "encryption_at_host_enabled": false,
            "eviction_policy": "",
            "extensions_time_budget": "PT1H30M",
            "gallery_application": [],
            "id": "/subscriptions/f32912ed-d29f-4020-8bc7-0d5b7cf7e7f6/resourceGroups/project/providers/Microsoft.Compute/virtualMachines/devops-vm",
            "identity": [],
            "license_type": "",
            "location": "eastus",
            "max_bid_price": -1,
            "name": "devops-vm",
            "network_interface_ids": [
              "/subscriptions/f32912ed-d29f-4020-8bc7-0d5b7cf7e7f6/resourceGroups/project/providers/Microsoft.Network/networkInterfaces/devops-nic"
            ],
            "os_disk": [
              {
                "caching": "ReadWrite",
                "diff_disk_settings": [],
                "disk_encryption_set_id": "",
                "disk_size_gb": 30,
                "id": "/subscriptions/f32912ed-d29f-4020-8bc7-0d5b7cf7e7f6/resourceGroups/project/providers/Microsoft.Compute/disks/devops-vm_OsDisk_1_9cbb911544ac48ea82944fe7edcb33f0",
                "name": "devops-vm_OsDisk_1_9cbb911544ac48ea82944fe7edcb33f0",
                "secure_vm_disk_encryption_set_id": "",
                "security_encryption_type": "",
                "storage_account_type": "Standard_LRS",
                "write_accelerator_enabled": false
              }
            ],
            "os_image_notification": [],
            "patch_assessment_mode": "ImageDefault",
            "patch_mode": "ImageDefault",
            "plan": [],
            "platform_fault_domain": -1,
            "priority": "Regular",
            "private_ip_address": "10.0.1.4",
            "private_ip_addresses": [
              "10.0.1.4"
            ],
            "provision_vm_agent": true,
            "proximity_placement_group_id": "",
            "public_ip_address": "52.224.120.48",
            "public_ip_addresses": [
              "52.224.120.48"
            ],
            "reboot_setting": "",
            "resource_group_name": "project",
            "secret": [],
            "secure_boot_enabled": false,
            "size": "Standard_B1s",
            "source_image_id": "",
            "source_image_reference": [
              {
                "offer": "UbuntuServer",
                "publisher": "Canonical",
                "sku": "18.04-LTS",
                "version": "latest"
              }
            ],
            "tags": {},
            "termination_notification": [],
            "timeouts": null,
            "user_data": "",
            "virtual_machine_id": "1aa0b668-dec8-416f-9376-e1460101b069",
            "virtual_machine_scale_set_id": "",
            "vm_agent_platform_updates_enabled": false,
            "vtpm_enabled": false,
            "zone": ""
          },
          "sensitive_attributes": [],
          "private": "eyJlMmJmYjczMC1lY2FhLTExZTYtOGY4OC0zNDM2M2JjN2M0YzAiOnsiY3JlYXRlIjoyNzAwMDAwMDAwMDAwLCJkZWxldGUiOjI3MDAwMDAwMDAwMDAsInJlYWQiOjMwMDAwMDAwMDAwMCwidXBkYXRlIjoyNzAwMDAwMDAwMDAwfX0=",
          "dependencies": [
            "azurerm_network_interface.nic",
            "azurerm_public_ip.public_ip",
            "azurerm_resource_group.main",
            "azurerm_subnet.subnet",
            "azurerm_virtual_network.vnet"
          ]
        }
      ]
    },
    {
      "mode": "managed",
      "type": "azurerm_network_interface",
      "name": "nic",
      "provider": "provider[\"registry.terraform.io/hashicorp/azurerm\"]",
      "instances": [
        {
          "schema_version": 0,
          "attributes": {
            "accelerated_networking_enabled": false,
            "applied_dns_servers": [],
            "auxiliary_mode": "",
            "auxiliary_sku": "",
            "dns_servers": [],
            "edge_zone": "",
            "id": "/subscriptions/f32912ed-d29f-4020-8bc7-0d5b7cf7e7f6/resourceGroups/project/providers/Microsoft.Network/networkInterfaces/devops-nic",
            "internal_dns_name_label": "",
            "internal_domain_name_suffix": "4rl4l4tjwi4efa1qb2mgv4adub.bx.internal.cloudapp.net",
            "ip_configuration": [
              {
                "gateway_load_balancer_frontend_ip_configuration_id": "",
                "name": "internal",
                "primary": true,
                "private_ip_address": "10.0.1.4",
                "private_ip_address_allocation": "Dynamic",
                "private_ip_address_version": "IPv4",
                "public_ip_address_id": "/subscriptions/f32912ed-d29f-4020-8bc7-0d5b7cf7e7f6/resourceGroups/project/providers/Microsoft.Network/publicIPAddresses/devops-ip",
                "subnet_id": "/subscriptions/f32912ed-d29f-4020-8bc7-0d5b7cf7e7f6/resourceGroups/project/providers/Microsoft.Network/virtualNetworks/devops-vnet/subnets/devops-subnet"
              }
            ],
            "ip_forwarding_enabled": false,
            "location": "eastus",
            "mac_address": "60-45-BD-D5-E8-8A",
            "name": "devops-nic",
            "private_ip_address": "10.0.1.4",
            "private_ip_addresses": [
              "10.0.1.4"
            ],
            "resource_group_name": "project",
            "tags": {},
            "timeouts": null,
            "virtual_machine_id": "/subscriptions/f32912ed-d29f-4020-8bc7-0d5b7cf7e7f6/resourceGroups/project/providers/Microsoft.Compute/virtualMachines/devops-vm"
          },
          "sensitive_attributes": [],
          "private": "eyJlMmJmYjczMC1lY2FhLTExZTYtOGY4OC0zNDM2M2JjN2M0YzAiOnsiY3JlYXRlIjoxODAwMDAwMDAwMDAwLCJkZWxldGUiOjE4MDAwMDAwMDAwMDAsInJlYWQiOjMwMDAwMDAwMDAwMCwidXBkYXRlIjoxODAwMDAwMDAwMDAwfX0=",
          "dependencies": [
            "azurerm_public_ip.public_ip",
            "azurerm_resource_group.main",
            "azurerm_subnet.subnet",
            "azurerm_virtual_network.vnet"
          ]
        }
      ]
    },
    {
      "mode": "managed",
      "type": "azurerm_network_security_group",
      "name": "nsg",
      "provider": "provider[\"registry.terraform.io/hashicorp/azurerm\"]",
      "instances": [
        {
          "schema_version": 0,
          "attributes": {
            "id": "/subscriptions/f32912ed-d29f-4020-8bc7-0d5b7cf7e7f6/resourceGroups/project/providers/Microsoft.Network/networkSecurityGroups/devops-nsg",
            "location": "eastus",
            "name": "devops-nsg",
            "resource_group_name": "project",
            "security_rule": [
              {
                "access": "Allow",
                "description": "",
                "destination_address_prefix": "*",
                "destination_address_prefixes": [],
                "destination_application_security_group_ids": [],
                "destination_port_range": "22",
                "destination_port_ranges": [],
                "direction": "Inbound",
                "name": "AllowSSH",
                "priority": 1001,
                "protocol": "Tcp",
                "source_address_prefix": "*",
                "source_address_prefixes": [],
                "source_application_security_group_ids": [],
                "source_port_range": "*",
                "source_port_ranges": []
              },
              {
                "access": "Allow",
                "description": "",
                "destination_address_prefix": "*",
                "destination_address_prefixes": [],
                "destination_application_security_group_ids": [],
                "destination_port_range": "80",
                "destination_port_ranges": [],
                "direction": "Inbound",
                "name": "AllowHTTP",
                "priority": 1002,
                "protocol": "Tcp",
                "source_address_prefix": "*",
                "source_address_prefixes": [],
                "source_application_security_group_ids": [],
                "source_port_range": "*",
                "source_port_ranges": []
              }
            ],
            "tags": {},
            "timeouts": null
          },
          "sensitive_attributes": [],
          "private": "eyJlMmJmYjczMC1lY2FhLTExZTYtOGY4OC0zNDM2M2JjN2M0YzAiOnsiY3JlYXRlIjoxODAwMDAwMDAwMDAwLCJkZWxldGUiOjE4MDAwMDAwMDAwMDAsInJlYWQiOjMwMDAwMDAwMDAwMCwidXBkYXRlIjoxODAwMDAwMDAwMDAwfX0=",
          "dependencies": [
            "azurerm_resource_group.main"
          ]
        }
      ]
    },
    {
      "mode": "managed",
      "type": "azurerm_public_ip",
      "name": "public_ip",
      "provider": "provider[\"registry.terraform.io/hashicorp/azurerm\"]",
      "instances": [
        {
          "schema_version": 0,
          "attributes": {
            "allocation_method": "Static",
            "ddos_protection_mode": "VirtualNetworkInherited",
            "ddos_protection_plan_id": null,
            "domain_name_label": null,
            "domain_name_label_scope": null,
            "edge_zone": "",
            "fqdn": null,
            "id": "/subscriptions/f32912ed-d29f-4020-8bc7-0d5b7cf7e7f6/resourceGroups/project/providers/Microsoft.Network/publicIPAddresses/devops-ip",
            "idle_timeout_in_minutes": 4,
            "ip_address": "52.224.120.48",
            "ip_tags": {},
            "ip_version": "IPv4",
            "location": "eastus",
            "name": "devops-ip",
            "public_ip_prefix_id": null,
            "resource_group_name": "project",
            "reverse_fqdn": null,
            "sku": "Standard",
            "sku_tier": "Regional",
            "tags": {},
            "timeouts": null,
            "zones": []
          },
          "sensitive_attributes": [],
          "private": "eyJlMmJmYjczMC1lY2FhLTExZTYtOGY4OC0zNDM2M2JjN2M0YzAiOnsiY3JlYXRlIjoxODAwMDAwMDAwMDAwLCJkZWxldGUiOjE4MDAwMDAwMDAwMDAsInJlYWQiOjMwMDAwMDAwMDAwMCwidXBkYXRlIjoxODAwMDAwMDAwMDAwfX0=",
          "dependencies": [
            "azurerm_resource_group.main"
          ]
        }
      ]
    },
    {
      "mode": "managed",
      "type": "azurerm_resource_group",
      "name": "main",
      "provider": "provider[\"registry.terraform.io/hashicorp/azurerm\"]",
      "instances": [
        {
          "schema_version": 0,
          "attributes": {
            "id": "/subscriptions/f32912ed-d29f-4020-8bc7-0d5b7cf7e7f6/resourceGroups/project",
            "location": "eastus",
            "managed_by": "",
            "name": "project",
            "tags": {},
            "timeouts": null
          },
          "sensitive_attributes": [],
          "private": "eyJlMmJmYjczMC1lY2FhLTExZTYtOGY4OC0zNDM2M2JjN2M0YzAiOnsiY3JlYXRlIjo1NDAwMDAwMDAwMDAwLCJkZWxldGUiOjU0MDAwMDAwMDAwMDAsInJlYWQiOjMwMDAwMDAwMDAwMCwidXBkYXRlIjo1NDAwMDAwMDAwMDAwfSwic2NoZW1hX3ZlcnNpb24iOiIwIn0="
        }
      ]
    },
    {
      "mode": "managed",
      "type": "azurerm_subnet",
      "name": "subnet",
      "provider": "provider[\"registry.terraform.io/hashicorp/azurerm\"]",
      "instances": [
        {
          "schema_version": 0,
          "attributes": {
            "address_prefixes": [
              "10.0.1.0/24"
            ],
            "default_outbound_access_enabled": true,
            "delegation": [],
            "id": "/subscriptions/f32912ed-d29f-4020-8bc7-0d5b7cf7e7f6/resourceGroups/project/providers/Microsoft.Network/virtualNetworks/devops-vnet/subnets/devops-subnet",
            "name": "devops-subnet",
            "private_endpoint_network_policies": "Disabled",
            "private_link_service_network_policies_enabled": true,
            "resource_group_name": "project",
            "service_endpoint_policy_ids": [],
            "service_endpoints": [],
            "timeouts": null,
            "virtual_network_name": "devops-vnet"
          },
          "sensitive_attributes": [],
          "private": "eyJlMmJmYjczMC1lY2FhLTExZTYtOGY4OC0zNDM2M2JjN2M0YzAiOnsiY3JlYXRlIjoxODAwMDAwMDAwMDAwLCJkZWxldGUiOjE4MDAwMDAwMDAwMDAsInJlYWQiOjMwMDAwMDAwMDAwMCwidXBkYXRlIjoxODAwMDAwMDAwMDAwfX0=",
          "dependencies": [
            "azurerm_resource_group.main",
            "azurerm_virtual_network.vnet"
          ]
        }
      ]
    },
    {
      "mode": "managed",
      "type": "azurerm_subnet_network_security_group_association",
      "name": "subnet_nsg_assoc",
      "provider": "provider[\"registry.terraform.io/hashicorp/azurerm\"]",
      "instances": [
        {
          "schema_version": 0,
          "attributes": {
            "id": "/subscriptions/f32912ed-d29f-4020-8bc7-0d5b7cf7e7f6/resourceGroups/project/providers/Microsoft.Network/virtualNetworks/devops-vnet/subnets/devops-subnet",
            "network_security_group_id": "/subscriptions/f32912ed-d29f-4020-8bc7-0d5b7cf7e7f6/resourceGroups/project/providers/Microsoft.Network/networkSecurityGroups/devops-nsg",
            "subnet_id": "/subscriptions/f32912ed-d29f-4020-8bc7-0d5b7cf7e7f6/resourceGroups/project/providers/Microsoft.Network/virtualNetworks/devops-vnet/subnets/devops-subnet",
            "timeouts": null
          },
          "sensitive_attributes": [],
          "private": "eyJlMmJmYjczMC1lY2FhLTExZTYtOGY4OC0zNDM2M2JjN2M0YzAiOnsiY3JlYXRlIjoxODAwMDAwMDAwMDAwLCJkZWxldGUiOjE4MDAwMDAwMDAwMDAsInJlYWQiOjMwMDAwMDAwMDAwMH19",
          "dependencies": [
            "azurerm_network_security_group.nsg",
            "azurerm_resource_group.main",
            "azurerm_subnet.subnet",
            "azurerm_virtual_network.vnet"
          ]
        }
      ]
    },
    {
      "mode": "managed",
      "type": "azurerm_virtual_network",
      "name": "vnet",
      "provider": "provider[\"registry.terraform.io/hashicorp/azurerm\"]",
      "instances": [
        {
          "schema_version": 0,
          "attributes": {
            "address_space": [
              "10.0.0.0/16"
            ],
            "bgp_community": "",
            "ddos_protection_plan": [],
            "dns_servers": [],
            "edge_zone": "",
            "encryption": [],
            "flow_timeout_in_minutes": 0,
            "guid": "fae557f4-b269-423c-8370-0f186af803a1",
            "id": "/subscriptions/f32912ed-d29f-4020-8bc7-0d5b7cf7e7f6/resourceGroups/project/providers/Microsoft.Network/virtualNetworks/devops-vnet",
            "ip_address_pool": [],
            "location": "eastus",
            "name": "devops-vnet",
            "private_endpoint_vnet_policies": "Disabled",
            "resource_group_name": "project",
            "subnet": [
              {
                "address_prefixes": [
                  "10.0.1.0/24"
                ],
                "default_outbound_access_enabled": true,
                "delegation": [],
                "id": "/subscriptions/f32912ed-d29f-4020-8bc7-0d5b7cf7e7f6/resourceGroups/project/providers/Microsoft.Network/virtualNetworks/devops-vnet/subnets/devops-subnet",
                "name": "devops-subnet",
                "private_endpoint_network_policies": "Disabled",
                "private_link_service_network_policies_enabled": true,
                "route_table_id": "",
                "security_group": "/subscriptions/f32912ed-d29f-4020-8bc7-0d5b7cf7e7f6/resourceGroups/project/providers/Microsoft.Network/networkSecurityGroups/devops-nsg",
                "service_endpoint_policy_ids": [],
                "service_endpoints": []
              }
            ],
            "tags": {},
            "timeouts": null
          },
          "sensitive_attributes": [],
          "private": "eyJlMmJmYjczMC1lY2FhLTExZTYtOGY4OC0zNDM2M2JjN2M0YzAiOnsiY3JlYXRlIjoxODAwMDAwMDAwMDAwLCJkZWxldGUiOjE4MDAwMDAwMDAwMDAsInJlYWQiOjMwMDAwMDAwMDAwMCwidXBkYXRlIjoxODAwMDAwMDAwMDAwfX0=",
          "dependencies": [
            "azurerm_resource_group.main"
          ]
        }
      ]
    }
  ],
  "check_results": null
}
